// !$*UTF8*$!
{
	archiveVersion = 1;
	classes = {
	};
	objectVersion = 48;
	objects = {

/* Begin PBXBuildFile section */
		B3093D1221C9AC55003F28E3 /* AppDelegate.swift in Sources */ = {isa = PBXBuildFile; fileRef = B3093D1121C9AC55003F28E3 /* AppDelegate.swift */; };
		B3093D1421C9AC55003F28E3 /* RecordSoundsViewController.swift in Sources */ = {isa = PBXBuildFile; fileRef = B3093D1321C9AC55003F28E3 /* RecordSoundsViewController.swift */; };
		B3093D1721C9AC55003F28E3 /* Main.storyboard in Resources */ = {isa = PBXBuildFile; fileRef = B3093D1521C9AC55003F28E3 /* Main.storyboard */; };
		B3093D1921C9AC55003F28E3 /* Assets.xcassets in Resources */ = {isa = PBXBuildFile; fileRef = B3093D1821C9AC55003F28E3 /* Assets.xcassets */; };
		B3093D1C21C9AC55003F28E3 /* LaunchScreen.storyboard in Resources */ = {isa = PBXBuildFile; fileRef = B3093D1A21C9AC55003F28E3 /* LaunchScreen.storyboard */; };
		B3093D2421C9B097003F28E3 /* PlaySoundsViewController.swift in Sources */ = {isa = PBXBuildFile; fileRef = B3093D2321C9B097003F28E3 /* PlaySoundsViewController.swift */; };
		B3093D2A21C9E6DD003F28E3 /* playsoundsviewcontroller-audio.swift in Sources */ = {isa = PBXBuildFile; fileRef = B3093D2921C9E6DD003F28E3 /* playsoundsviewcontroller-audio.swift */; };
/* End PBXBuildFile section */

/* Begin PBXFileReference section */
		B3093D0E21C9AC55003F28E3 /* Pictch Perfect.app */ = {isa = PBXFileReference; explicitFileType = wrapper.application; includeInIndex = 0; path = "Pictch Perfect.app"; sourceTree = BUILT_PRODUCTS_DIR; };
		B3093D1121C9AC55003F28E3 /* AppDelegate.swift */ = {isa = PBXFileReference; lastKnownFileType = sourcecode.swift; path = AppDelegate.swift; sourceTree = "<group>"; };
		B3093D1321C9AC55003F28E3 /* RecordSoundsViewController.swift */ = {isa = PBXFileReference; lastKnownFileType = sourcecode.swift; path = RecordSoundsViewController.swift; sourceTree = "<group>"; };
		B3093D1621C9AC55003F28E3 /* Base */ = {isa = PBXFileReference; lastKnownFileType = file.storyboard; name = Base; path = Base.lproj/Main.storyboard; sourceTree = "<group>"; };
		B3093D1821C9AC55003F28E3 /* Assets.xcassets */ = {isa = PBXFileReference; lastKnownFileType = folder.assetcatalog; path = Assets.xcassets; sourceTree = "<group>"; };
		B3093D1B21C9AC55003F28E3 /* Base */ = {isa = PBXFileReference; lastKnownFileType = file.storyboard; name = Base; path = Base.lproj/LaunchScreen.storyboard; sourceTree = "<group>"; };
		B3093D1D21C9AC55003F28E3 /* Info.plist */ = {isa = PBXFileReference; lastKnownFileType = text.plist.xml; path = Info.plist; sourceTree = "<group>"; };
		B3093D2321C9B097003F28E3 /* PlaySoundsViewController.swift */ = {isa = PBXFileReference; lastKnownFileType = sourcecode.swift; path = PlaySoundsViewController.swift; sourceTree = "<group>"; };
		B3093D2921C9E6DD003F28E3 /* playsoundsviewcontroller-audio.swift */ = {isa = PBXFileReference; lastKnownFileType = sourcecode.swift; path = "playsoundsviewcontroller-audio.swift"; sourceTree = "<group>"; };
/* End PBXFileReference section */

/* Begin PBXFrameworksBuildPhase section */
		B3093D0B21C9AC55003F28E3 /* Frameworks */ = {
			isa = PBXFrameworksBuildPhase;
			buildActionMask = 2147483647;
			files = (
			);
			runOnlyForDeploymentPostprocessing = 0;
		};
/* End PBXFrameworksBuildPhase section */

/* Begin PBXGroup section */
		B3093D0521C9AC55003F28E3 = {
			isa = PBXGroup;
			children = (
				B3093D1021C9AC55003F28E3 /* Pictch Perfect */,
				B3093D0F21C9AC55003F28E3 /* Products */,
			);
			sourceTree = "<group>";
		};
		B3093D0F21C9AC55003F28E3 /* Products */ = {
			isa = PBXGroup;
			children = (
				B3093D0E21C9AC55003F28E3 /* Pictch Perfect.app */,
			);
			name = Products;
			sourceTree = "<group>";
		};
		B3093D1021C9AC55003F28E3 /* Pictch Perfect */ = {
			isa = PBXGroup;
			children = (
				B3093D2821C9E6CC003F28E3 /* View */,
				B3093D1121C9AC55003F28E3 /* AppDelegate.swift */,
				B3093D1521C9AC55003F28E3 /* Main.storyboard */,
				B3093D1821C9AC55003F28E3 /* Assets.xcassets */,
				B3093D1A21C9AC55003F28E3 /* LaunchScreen.storyboard */,
				B3093D1D21C9AC55003F28E3 /* Info.plist */,
			);
			path = "Pictch Perfect";
			sourceTree = "<group>";
		};
		B3093D2821C9E6CC003F28E3 /* View */ = {
			isa = PBXGroup;
			children = (
				B3093D2321C9B097003F28E3 /* PlaySoundsViewController.swift */,
				B3093D2921C9E6DD003F28E3 /* playsoundsviewcontroller-audio.swift */,
				B3093D1321C9AC55003F28E3 /* RecordSoundsViewController.swift */,
			);
			path = View;
			sourceTree = "<group>";
		};
/* End PBXGroup section */

/* Begin PBXNativeTarget section */
		B3093D0D21C9AC55003F28E3 /* Pictch Perfect */ = {
			isa = PBXNativeTarget;
			buildConfigurationList = B3093D2021C9AC55003F28E3 /* Build configuration list for PBXNativeTarget "Pictch Perfect" */;
			buildPhases = (
				B3093D0A21C9AC55003F28E3 /* Sources */,
				B3093D0B21C9AC55003F28E3 /* Frameworks */,
				B3093D0C21C9AC55003F28E3 /* Resources */,
			);
			buildRules = (
			);
			dependencies = (
			);
			name = "Pictch Perfect";
			productName = "Pictch Perfect";
			productReference = B3093D0E21C9AC55003F28E3 /* Pictch Perfect.app */;
			productType = "com.apple.product-type.application";
		};
/* End PBXNativeTarget section */

/* Begin PBXProject section */
		B3093D0621C9AC55003F28E3 /* Project object */ = {
			isa = PBXProject;
			attributes = {
				LastSwiftUpdateCheck = 0920;
				LastUpgradeCheck = 0920;
				ORGANIZATIONNAME = hind;
				TargetAttributes = {
					B3093D0D21C9AC55003F28E3 = {
						CreatedOnToolsVersion = 9.2;
						ProvisioningStyle = Automatic;
					};
				};
			};
			buildConfigurationList = B3093D0921C9AC55003F28E3 /* Build configuration list for PBXProject "Pictch Perfect" */;
			compatibilityVersion = "Xcode 8.0";
			developmentRegion = en;
			hasScannedForEncodings = 0;
			knownRegions = (
				en,
				Base,
			);
			mainGroup = B3093D0521C9AC55003F28E3;
			productRefGroup = B3093D0F21C9AC55003F28E3 /* Products */;
			projectDirPath = "";
			projectRoot = "";
			targets = (
				B3093D0D21C9AC55003F28E3 /* Pictch Perfect */,
			);
		};
/* End PBXProject section */

/* Begin PBXResourcesBuildPhase section */
		B3093D0C21C9AC55003F28E3 /* Resources */ = {
			isa = PBXResourcesBuildPhase;
			buildActionMask = 2147483647;
			files = (
				B3093D1C21C9AC55003F28E3 /* LaunchScreen.storyboard in Resources */,
				B3093D1921C9AC55003F28E3 /* Assets.xcassets in Resources */,
				B3093D1721C9AC55003F28E3 /* Main.storyboard in Resources */,
			);
			runOnlyForDeploymentPostprocessing = 0;
		};
/* End PBXResourcesBuildPhase section */

/* Begin PBXSourcesBuildPhase section */
		B3093D0A21C9AC55003F28E3 /* Sources */ = {
			isa = PBXSourcesBuildPhase;
			buildActionMask = 2147483647;
			files = (
				B3093D1421C9AC55003F28E3 /* RecordSoundsViewController.swift in Sources */,
				B3093D2A21C9E6DD003F28E3 /* playsoundsviewcontroller-audio.swift in Sources */,
				B3093D2421C9B097003F28E3 /* PlaySoundsViewController.swift in Sources */,
				B3093D1221C9AC55003F28E3 /* AppDelegate.swift in Sources */,
			);
			runOnlyForDeploymentPostprocessing = 0;
		};
/* End PBXSourcesBuildPhase section */

/* Begin PBXVariantGroup section */
		B3093D1521C9AC55003F28E3 /* Main.storyboard */ = {
			isa = PBXVariantGroup;
			children = (
				B3093D1621C9AC55003F28E3 /* Base */,
			);
			name = Main.storyboard;
			sourceTree = "<group>";
		};
		B3093D1A21C9AC55003F28E3 /* LaunchScreen.storyboard */ = {
			isa = PBXVariantGroup;
			children = (
				B3093D1B21C9AC55003F28E3 /* Base */,
			);
			name = LaunchScreen.storyboard;
			sourceTree = "<group>";
		};
/* End PBXVariantGroup section */

/* Begin XCBuildConfiguration section */
		B3093D1E21C9AC55003F28E3 /* Debug */ = {
			isa = XCBuildConfiguration;
			buildSettings = {
				ALWAYS_SEARCH_USER_PATHS = NO;
				CLANG_ANALYZER_NONNULL = YES;
				CLANG_ANALYZER_NUMBER_OBJECT_CONVERSION = YES_AGGRESSIVE;
				CLANG_CXX_LANGUAGE_STANDARD = "gnu++14";
				CLANG_CXX_LIBRARY = "libc++";
				CLANG_ENABLE_MODULES = YES;
				CLANG_ENABLE_OBJC_ARC = YES;
				CLANG_WARN_BLOCK_CAPTURE_AUTORELEASING = YES;
				CLANG_WARN_BOOL_CONVERSION = YES;
				CLANG_WARN_COMMA = YES;
				CLANG_WARN_CONSTANT_CONVERSION = YES;
				CLANG_WARN_DIRECT_OBJC_ISA_USAGE = YES_ERROR;
				CLANG_WARN_DOCUMENTATION_COMMENTS = YES;
				CLANG_WARN_EMPTY_BODY = YES;
				CLANG_WARN_ENUM_CONVERSION = YES;
				CLANG_WARN_INFINITE_RECURSION = YES;
				CLANG_WARN_INT_CONVERSION = YES;
				CLANG_WARN_NON_LITERAL_NULL_CONVERSION = YES;
				CLANG_WARN_OBJC_LITERAL_CONVERSION = YES;
				CLANG_WARN_OBJC_ROOT_CLASS = YES_ERROR;
				CLANG_WARN_RANGE_LOOP_ANALYSIS = YES;
				CLANG_WARN_STRICT_PROTOTYPES = YES;
				CLANG_WARN_SUSPICIOUS_MOVE = YES;
				CLANG_WARN_UNGUARDED_AVAILABILITY = YES_AGGRESSIVE;
				CLANG_WARN_UNREACHABLE_CODE = YES;
				CLANG_WARN__DUPLICATE_METHOD_MATCH = YES;
				CODE_SIGN_IDENTITY = "iPhone Developer";
				COPY_PHASE_STRIP = NO;
				DEBUG_INFORMATION_FORMAT = dwarf;
				ENABLE_STRICT_OBJC_MSGSEND = YES;
				ENABLE_TESTABILITY = YES;
				GCC_C_LANGUAGE_STANDARD = gnu11;
				GCC_DYNAMIC_NO_PIC = NO;
				GCC_NO_COMMON_BLOCKS = YES;
				GCC_OPTIMIZATION_LEVEL = 0;
				GCC_PREPROCESSOR_DEFINITIONS = (
					"DEBUG=1",
					"$(inherited)",
				);
				GCC_WARN_64_TO_32_BIT_CONVERSION = YES;
				GCC_WARN_ABOUT_RETURN_TYPE = YES_ERROR;
				GCC_WARN_UNDECLARED_SELECTOR = YES;
				GCC_WARN_UNINITIALIZED_AUTOS = YES_AGGRESSIVE;
				GCC_WARN_UNUSED_FUNCTION = YES;
				GCC_WARN_UNUSED_VARIABLE = YES;
				IPHONEOS_DEPLOYMENT_TARGET = 11.2;
				MTL_ENABLE_DEBUG_INFO = YES;
				ONLY_ACTIVE_ARCH = YES;
				SDKROOT = iphoneos;
				SWIFT_ACTIVE_COMPILATION_CONDITIONS = DEBUG;
				SWIFT_OPTIMIZATION_LEVEL = "-Onone";
			};
			name = Debug;
		};
		B3093D1F21C9AC55003F28E3 /* Release */ = {
			isa = XCBuildConfiguration;
			buildSettings = {
				ALWAYS_SEARCH_USER_PATHS = NO;
				CLANG_ANALYZER_NONNULL = YES;
				CLANG_ANALYZER_NUMBER_OBJECT_CONVERSION = YES_AGGRESSIVE;
				CLANG_CXX_LANGUAGE_STANDARD = "gnu++14";
				CLANG_CXX_LIBRARY = "libc++";
				CLANG_ENABLE_MODULES = YES;
				CLANG_ENABLE_OBJC_ARC = YES;
				CLANG_WARN_BLOCK_CAPTURE_AUTORELEASING = YES;
				CLANG_WARN_BOOL_CONVERSION = YES;
				CLANG_WARN_COMMA = YES;
				CLANG_WARN_CONSTANT_CONVERSION = YES;
				CLANG_WARN_DIRECT_OBJC_ISA_USAGE = YES_ERROR;
				CLANG_WARN_DOCUMENTATION_COMMENTS = YES;
				CLANG_WARN_EMPTY_BODY = YES;
				CLANG_WARN_ENUM_CONVERSION = YES;
				CLANG_WARN_INFINITE_RECURSION = YES;
				CLANG_WARN_INT_CONVERSION = YES;
				CLANG_WARN_NON_LITERAL_NULL_CONVERSION = YES;
				CLANG_WARN_OBJC_LITERAL_CONVERSION = YES;
				CLANG_WARN_OBJC_ROOT_CLASS = YES_ERROR;
				CLANG_WARN_RANGE_LOOP_ANALYSIS = YES;
				CLANG_WARN_STRICT_PROTOTYPES = YES;
				CLANG_WARN_SUSPICIOUS_MOVE = YES;
				CLANG_WARN_UNGUARDED_AVAILABILITY = YES_AGGRESSIVE;
				CLANG_WARN_UNREACHABLE_CODE = YES;
				CLANG_WARN__DUPLICATE_METHOD_MATCH = YES;
				CODE_SIGN_IDENTITY = "iPhone Developer";
				COPY_PHASE_STRIP = NO;
				DEBUG_INFORMATION_FORMAT = "dwarf-with-dsym";
				ENABLE_NS_ASSERTIONS = NO;
				ENABLE_STRICT_OBJC_MSGSEND = YES;
				GCC_C_LANGUAGE_STANDARD = gnu11;
				GCC_NO_COMMON_BLOCKS = YES;
				GCC_WARN_64_TO_32_BIT_CONVERSION = YES;
				GCC_WARN_ABOUT_RETURN_TYPE = YES_ERROR;
				GCC_WARN_UNDECLARED_SELECTOR = YES;
				GCC_WARN_UNINITIALIZED_AUTOS = YES_AGGRESSIVE;
				GCC_WARN_UNUSED_FUNCTION = YES;
				GCC_WARN_UNUSED_VARIABLE = YES;
				IPHONEOS_DEPLOYMENT_TARGET = 11.2;
				MTL_ENABLE_DEBUG_INFO = NO;
				SDKROOT = iphoneos;
				SWIFT_OPTIMIZATION_LEVEL = "-Owholemodule";
				VALIDATE_PRODUCT = YES;
			};
			name = Release;
		};
		B3093D2121C9AC55003F28E3 /* Debug */ = {
			isa = XCBuildConfiguration;
			buildSettings = {
				ASSETCATALOG_COMPILER_APPICON_NAME = AppIcon;
				CODE_SIGN_STYLE = Automatic;
				DEVELOPMENT_TEAM = AD4EA3AQ63;
				INFOPLIST_FILE = "Pictch Perfect/Info.plist";
				LD_RUNPATH_SEARCH_PATHS = "$(inherited) @executable_path/Frameworks";
				PRODUCT_BUNDLE_IDENTIFIER = "hind.Pictch-Perfect";
				PRODUCT_NAME = "$(TARGET_NAME)";
				SWIFT_VERSION = 4.0;
				TARGETED_DEVICE_FAMILY = "1,2";
			};
			name = Debug;
		};
		B3093D2221C9AC55003F28E3 /* Release */ = {
			isa = XCBuildConfiguration;
			buildSettings = {
				ASSETCATALOG_COMPILER_APPICON_NAME = AppIcon;
				CODE_SIGN_STYLE = Automatic;
				DEVELOPMENT_TEAM = AD4EA3AQ63;
				INFOPLIST_FILE = "Pictch Perfect/Info.plist";
				LD_RUNPATH_SEARCH_PATHS = "$(inherited) @executable_path/Frameworks";
				PRODUCT_BUNDLE_IDENTIFIER = "hind.Pictch-Perfect";
				PRODUCT_NAME = "$(TARGET_NAME)";
				SWIFT_VERSION = 4.0;
				TARGETED_DEVICE_FAMILY = "1,2";
			};
			name = Release;
		};
/* End XCBuildConfiguration section */

/* Begin XCConfigurationList section */
		B3093D0921C9AC55003F28E3 /* Build configuration list for PBXProject "Pictch Perfect" */ = {
			isa = XCConfigurationList;
			buildConfigurations = (
				B3093D1E21C9AC55003F28E3 /* Debug */,
				B3093D1F21C9AC55003F28E3 /* Release */,
			);
			defaultConfigurationIsVisible = 0;
			defaultConfigurationName = Release;
		};
		B3093D2021C9AC55003F28E3 /* Build configuration list for PBXNativeTarget "Pictch Perfect" */ = {
			isa = XCConfigurationList;
			buildConfigurations = (
				B3093D2121C9AC55003F28E3 /* Debug */,
				B3093D2221C9AC55003F28E3 /* Release */,
			);
			defaultConfigurationIsVisible = 0;
			defaultConfigurationName = Release;
		};
/* End XCConfigurationList section */
	};
	rootObject = B3093D0621C9AC55003F28E3 /* Project object */;
}
